// !$*UTF8*$!
{
	archiveVersion = 1;
	classes = {
	};
	objectVersion = 46;
	objects = {

/* Begin PBXBuildFile section */
		46B02236CE63B52CFFA1F8BD /* libPods-DSReader.a in Frameworks */ = {isa = PBXBuildFile; fileRef = 2009CF071B75BF403DA50DBA /* libPods-DSReader.a */; };
		655FA85B1D24F2F1005A5A52 /* main.m in Sources */ = {isa = PBXBuildFile; fileRef = 655FA85A1D24F2F1005A5A52 /* main.m */; };
		655FA85E1D24F2F1005A5A52 /* AppDelegate.m in Sources */ = {isa = PBXBuildFile; fileRef = 655FA85D1D24F2F1005A5A52 /* AppDelegate.m */; };
		655FA8661D24F2F1005A5A52 /* Assets.xcassets in Resources */ = {isa = PBXBuildFile; fileRef = 655FA8651D24F2F1005A5A52 /* Assets.xcassets */; };
		655FA8691D24F2F1005A5A52 /* LaunchScreen.storyboard in Resources */ = {isa = PBXBuildFile; fileRef = 655FA8671D24F2F1005A5A52 /* LaunchScreen.storyboard */; };
		655FA8721D24FCE0005A5A52 /* DSTabBarController.m in Sources */ = {isa = PBXBuildFile; fileRef = 655FA8711D24FCE0005A5A52 /* DSTabBarController.m */; };
		655FA8751D24FDF8005A5A52 /* DSNavigationController.m in Sources */ = {isa = PBXBuildFile; fileRef = 655FA8741D24FDF8005A5A52 /* DSNavigationController.m */; };
		655FA87B1D24FEE2005A5A52 /* DSPageViewsController.m in Sources */ = {isa = PBXBuildFile; fileRef = 655FA87A1D24FEE2005A5A52 /* DSPageViewsController.m */; };
		655FA8841D250970005A5A52 /* DSBookshelfController.m in Sources */ = {isa = PBXBuildFile; fileRef = 655FA8831D250970005A5A52 /* DSBookshelfController.m */; };
		655FA8871D250999005A5A52 /* DSListShelfController.m in Sources */ = {isa = PBXBuildFile; fileRef = 655FA8861D250999005A5A52 /* DSListShelfController.m */; };
		655FA88A1D2511ED005A5A52 /* yiqiantulong.epub in Resources */ = {isa = PBXBuildFile; fileRef = 655FA8891D2511ED005A5A52 /* yiqiantulong.epub */; };
		655FA88C1D251363005A5A52 /* yiqiantulong.txt in Resources */ = {isa = PBXBuildFile; fileRef = 655FA88B1D251363005A5A52 /* yiqiantulong.txt */; };
		657579DE1D2A470400CAEADB /* EpubModel.m in Sources */ = {isa = PBXBuildFile; fileRef = 657579DD1D2A470400CAEADB /* EpubModel.m */; };
		657579E21D2A4AFA00CAEADB /* EpubParser.m in Sources */ = {isa = PBXBuildFile; fileRef = 657579E11D2A4AFA00CAEADB /* EpubParser.m */; };
		65D8149D1D266C3600832AC2 /* UIColor+ds.m in Sources */ = {isa = PBXBuildFile; fileRef = 65D8149C1D266C3600832AC2 /* UIColor+ds.m */; };
		65D814A11D26862400832AC2 /* DSPageView.m in Sources */ = {isa = PBXBuildFile; fileRef = 65D814A01D26862400832AC2 /* DSPageView.m */; };
/* End PBXBuildFile section */

/* Begin PBXFileReference section */
		2009CF071B75BF403DA50DBA /* libPods-DSReader.a */ = {isa = PBXFileReference; explicitFileType = archive.ar; includeInIndex = 0; path = "libPods-DSReader.a"; sourceTree = BUILT_PRODUCTS_DIR; };
		655FA8561D24F2F1005A5A52 /* DSReader.app */ = {isa = PBXFileReference; explicitFileType = wrapper.application; includeInIndex = 0; path = DSReader.app; sourceTree = BUILT_PRODUCTS_DIR; };
		655FA85A1D24F2F1005A5A52 /* main.m */ = {isa = PBXFileReference; lastKnownFileType = sourcecode.c.objc; path = main.m; sourceTree = "<group>"; };
		655FA85C1D24F2F1005A5A52 /* AppDelegate.h */ = {isa = PBXFileReference; lastKnownFileType = sourcecode.c.h; path = AppDelegate.h; sourceTree = "<group>"; };
		655FA85D1D24F2F1005A5A52 /* AppDelegate.m */ = {isa = PBXFileReference; lastKnownFileType = sourcecode.c.objc; path = AppDelegate.m; sourceTree = "<group>"; };
		655FA8651D24F2F1005A5A52 /* Assets.xcassets */ = {isa = PBXFileReference; lastKnownFileType = folder.assetcatalog; path = Assets.xcassets; sourceTree = "<group>"; };
		655FA8681D24F2F1005A5A52 /* Base */ = {isa = PBXFileReference; lastKnownFileType = file.storyboard; name = Base; path = Base.lproj/LaunchScreen.storyboard; sourceTree = "<group>"; };
		655FA86A1D24F2F1005A5A52 /* Info.plist */ = {isa = PBXFileReference; lastKnownFileType = text.plist.xml; path = Info.plist; sourceTree = "<group>"; };
		655FA8701D24FCE0005A5A52 /* DSTabBarController.h */ = {isa = PBXFileReference; fileEncoding = 4; lastKnownFileType = sourcecode.c.h; path = DSTabBarController.h; sourceTree = "<group>"; };
		655FA8711D24FCE0005A5A52 /* DSTabBarController.m */ = {isa = PBXFileReference; fileEncoding = 4; lastKnownFileType = sourcecode.c.objc; path = DSTabBarController.m; sourceTree = "<group>"; };
		655FA8731D24FDF8005A5A52 /* DSNavigationController.h */ = {isa = PBXFileReference; fileEncoding = 4; lastKnownFileType = sourcecode.c.h; path = DSNavigationController.h; sourceTree = "<group>"; };
		655FA8741D24FDF8005A5A52 /* DSNavigationController.m */ = {isa = PBXFileReference; fileEncoding = 4; lastKnownFileType = sourcecode.c.objc; path = DSNavigationController.m; sourceTree = "<group>"; };
		655FA8791D24FEE2005A5A52 /* DSPageViewsController.h */ = {isa = PBXFileReference; fileEncoding = 4; lastKnownFileType = sourcecode.c.h; name = DSPageViewsController.h; path = ../DSPageViewsController.h; sourceTree = "<group>"; };
		655FA87A1D24FEE2005A5A52 /* DSPageViewsController.m */ = {isa = PBXFileReference; fileEncoding = 4; lastKnownFileType = sourcecode.c.objc; name = DSPageViewsController.m; path = ../DSPageViewsController.m; sourceTree = "<group>"; };
		655FA8821D250970005A5A52 /* DSBookshelfController.h */ = {isa = PBXFileReference; fileEncoding = 4; lastKnownFileType = sourcecode.c.h; path = DSBookshelfController.h; sourceTree = "<group>"; };
		655FA8831D250970005A5A52 /* DSBookshelfController.m */ = {isa = PBXFileReference; fileEncoding = 4; lastKnownFileType = sourcecode.c.objc; path = DSBookshelfController.m; sourceTree = "<group>"; };
		655FA8851D250999005A5A52 /* DSListShelfController.h */ = {isa = PBXFileReference; fileEncoding = 4; lastKnownFileType = sourcecode.c.h; path = DSListShelfController.h; sourceTree = "<group>"; };
		655FA8861D250999005A5A52 /* DSListShelfController.m */ = {isa = PBXFileReference; fileEncoding = 4; lastKnownFileType = sourcecode.c.objc; path = DSListShelfController.m; sourceTree = "<group>"; };
		655FA8891D2511ED005A5A52 /* yiqiantulong.epub */ = {isa = PBXFileReference; lastKnownFileType = file; path = yiqiantulong.epub; sourceTree = "<group>"; };
		655FA88B1D251363005A5A52 /* yiqiantulong.txt */ = {isa = PBXFileReference; fileEncoding = 4; lastKnownFileType = text; path = yiqiantulong.txt; sourceTree = "<group>"; };
		657579DA1D2A3A8700CAEADB /* DSReaderPrefixHeader.pch */ = {isa = PBXFileReference; fileEncoding = 4; lastKnownFileType = sourcecode.c.h; path = DSReaderPrefixHeader.pch; sourceTree = "<group>"; };
		657579DC1D2A470400CAEADB /* EpubModel.h */ = {isa = PBXFileReference; fileEncoding = 4; lastKnownFileType = sourcecode.c.h; path = EpubModel.h; sourceTree = "<group>"; };
		657579DD1D2A470400CAEADB /* EpubModel.m */ = {isa = PBXFileReference; fileEncoding = 4; lastKnownFileType = sourcecode.c.objc; path = EpubModel.m; sourceTree = "<group>"; };
		657579E01D2A4AFA00CAEADB /* EpubParser.h */ = {isa = PBXFileReference; fileEncoding = 4; lastKnownFileType = sourcecode.c.h; path = EpubParser.h; sourceTree = "<group>"; };
		657579E11D2A4AFA00CAEADB /* EpubParser.m */ = {isa = PBXFileReference; fileEncoding = 4; lastKnownFileType = sourcecode.c.objc; path = EpubParser.m; sourceTree = "<group>"; };
		65D8149B1D266C3600832AC2 /* UIColor+ds.h */ = {isa = PBXFileReference; fileEncoding = 4; lastKnownFileType = sourcecode.c.h; path = "UIColor+ds.h"; sourceTree = "<group>"; };
		65D8149C1D266C3600832AC2 /* UIColor+ds.m */ = {isa = PBXFileReference; fileEncoding = 4; lastKnownFileType = sourcecode.c.objc; path = "UIColor+ds.m"; sourceTree = "<group>"; };
		65D8149F1D26862400832AC2 /* DSPageView.h */ = {isa = PBXFileReference; fileEncoding = 4; lastKnownFileType = sourcecode.c.h; path = DSPageView.h; sourceTree = "<group>"; };
		65D814A01D26862400832AC2 /* DSPageView.m */ = {isa = PBXFileReference; fileEncoding = 4; lastKnownFileType = sourcecode.c.objc; path = DSPageView.m; sourceTree = "<group>"; };
		9C41F3B2C4951571653080E9 /* Pods-DSReader.debug.xcconfig */ = {isa = PBXFileReference; includeInIndex = 1; lastKnownFileType = text.xcconfig; name = "Pods-DSReader.debug.xcconfig"; path = "Pods/Target Support Files/Pods-DSReader/Pods-DSReader.debug.xcconfig"; sourceTree = "<group>"; };
		AFC71F64E8D1C1283A126838 /* Pods-DSReader.release.xcconfig */ = {isa = PBXFileReference; includeInIndex = 1; lastKnownFileType = text.xcconfig; name = "Pods-DSReader.release.xcconfig"; path = "Pods/Target Support Files/Pods-DSReader/Pods-DSReader.release.xcconfig"; sourceTree = "<group>"; };
/* End PBXFileReference section */

/* Begin PBXFrameworksBuildPhase section */
		655FA8531D24F2F1005A5A52 /* Frameworks */ = {
			isa = PBXFrameworksBuildPhase;
			buildActionMask = 2147483647;
			files = (
				46B02236CE63B52CFFA1F8BD /* libPods-DSReader.a in Frameworks */,
			);
			runOnlyForDeploymentPostprocessing = 0;
		};
/* End PBXFrameworksBuildPhase section */

/* Begin PBXGroup section */
		5E5F8336CAEB5F673F0A881D /* Pods */ = {
			isa = PBXGroup;
			children = (
				9C41F3B2C4951571653080E9 /* Pods-DSReader.debug.xcconfig */,
				AFC71F64E8D1C1283A126838 /* Pods-DSReader.release.xcconfig */,
			);
			name = Pods;
			sourceTree = "<group>";
		};
		655FA84D1D24F2F1005A5A52 = {
			isa = PBXGroup;
			children = (
				655FA8581D24F2F1005A5A52 /* DSReader */,
				655FA8571D24F2F1005A5A52 /* Products */,
				5E5F8336CAEB5F673F0A881D /* Pods */,
				A64D1D7FB78D6D9ECBE078D4 /* Frameworks */,
			);
			sourceTree = "<group>";
		};
		655FA8571D24F2F1005A5A52 /* Products */ = {
			isa = PBXGroup;
			children = (
				655FA8561D24F2F1005A5A52 /* DSReader.app */,
			);
			name = Products;
			sourceTree = "<group>";
		};
		655FA8581D24F2F1005A5A52 /* DSReader */ = {
			isa = PBXGroup;
			children = (
				655FA85C1D24F2F1005A5A52 /* AppDelegate.h */,
				655FA85D1D24F2F1005A5A52 /* AppDelegate.m */,
				65D8149B1D266C3600832AC2 /* UIColor+ds.h */,
				65D8149C1D266C3600832AC2 /* UIColor+ds.m */,
				655FA8731D24FDF8005A5A52 /* DSNavigationController.h */,
				655FA8741D24FDF8005A5A52 /* DSNavigationController.m */,
				655FA8701D24FCE0005A5A52 /* DSTabBarController.h */,
				655FA8711D24FCE0005A5A52 /* DSTabBarController.m */,
				657579DF1D2A482A00CAEADB /* Tools */,
				657579DB1D2A46BF00CAEADB /* Model */,
				65D8149E1D26857D00832AC2 /* BooksPage */,
				655FA8881D2511ED005A5A52 /* BooksDemo */,
				655FA8811D250970005A5A52 /* Bookshelf(书架) */,
				655FA8651D24F2F1005A5A52 /* Assets.xcassets */,
				655FA8671D24F2F1005A5A52 /* LaunchScreen.storyboard */,
				655FA86A1D24F2F1005A5A52 /* Info.plist */,
				655FA8591D24F2F1005A5A52 /* Supporting Files */,
				657579DA1D2A3A8700CAEADB /* DSReaderPrefixHeader.pch */,
			);
			path = DSReader;
			sourceTree = "<group>";
		};
		655FA8591D24F2F1005A5A52 /* Supporting Files */ = {
			isa = PBXGroup;
			children = (
				655FA85A1D24F2F1005A5A52 /* main.m */,
			);
			name = "Supporting Files";
			sourceTree = "<group>";
		};
		655FA8811D250970005A5A52 /* Bookshelf(书架) */ = {
			isa = PBXGroup;
			children = (
				655FA8821D250970005A5A52 /* DSBookshelfController.h */,
				655FA8831D250970005A5A52 /* DSBookshelfController.m */,
				655FA8851D250999005A5A52 /* DSListShelfController.h */,
				655FA8861D250999005A5A52 /* DSListShelfController.m */,
			);
			name = "Bookshelf(书架)";
			path = Bookshelf;
			sourceTree = "<group>";
		};
		655FA8881D2511ED005A5A52 /* BooksDemo */ = {
			isa = PBXGroup;
			children = (
				655FA88B1D251363005A5A52 /* yiqiantulong.txt */,
				655FA8891D2511ED005A5A52 /* yiqiantulong.epub */,
			);
			path = BooksDemo;
			sourceTree = "<group>";
		};
		657579DB1D2A46BF00CAEADB /* Model */ = {
			isa = PBXGroup;
			children = (
				657579DC1D2A470400CAEADB /* EpubModel.h */,
				657579DD1D2A470400CAEADB /* EpubModel.m */,
			);
			path = Model;
			sourceTree = "<group>";
		};
		657579DF1D2A482A00CAEADB /* Tools */ = {
			isa = PBXGroup;
			children = (
				657579E01D2A4AFA00CAEADB /* EpubParser.h */,
				657579E11D2A4AFA00CAEADB /* EpubParser.m */,
			);
			path = Tools;
			sourceTree = "<group>";
		};
		65D8149E1D26857D00832AC2 /* BooksPage */ = {
			isa = PBXGroup;
			children = (
				655FA8791D24FEE2005A5A52 /* DSPageViewsController.h */,
				655FA87A1D24FEE2005A5A52 /* DSPageViewsController.m */,
				65D8149F1D26862400832AC2 /* DSPageView.h */,
				65D814A01D26862400832AC2 /* DSPageView.m */,
			);
			path = BooksPage;
			sourceTree = "<group>";
		};
		A64D1D7FB78D6D9ECBE078D4 /* Frameworks */ = {
			isa = PBXGroup;
			children = (
				2009CF071B75BF403DA50DBA /* libPods-DSReader.a */,
			);
			name = Frameworks;
			sourceTree = "<group>";
		};
/* End PBXGroup section */

/* Begin PBXNativeTarget section */
		655FA8551D24F2F1005A5A52 /* DSReader */ = {
			isa = PBXNativeTarget;
			buildConfigurationList = 655FA86D1D24F2F1005A5A52 /* Build configuration list for PBXNativeTarget "DSReader" */;
			buildPhases = (
				CBFC33A8FFF715480A752F29 /* [CP] Check Pods Manifest.lock */,
				655FA8521D24F2F1005A5A52 /* Sources */,
				655FA8531D24F2F1005A5A52 /* Frameworks */,
				655FA8541D24F2F1005A5A52 /* Resources */,
				041012A1CD05831D963E9298 /* [CP] Embed Pods Frameworks */,
				76038D2A16AD165060FAD135 /* [CP] Copy Pods Resources */,
			);
			buildRules = (
			);
			dependencies = (
			);
			name = DSReader;
			productName = DSReader;
			productReference = 655FA8561D24F2F1005A5A52 /* DSReader.app */;
			productType = "com.apple.product-type.application";
		};
/* End PBXNativeTarget section */

/* Begin PBXProject section */
		655FA84E1D24F2F1005A5A52 /* Project object */ = {
			isa = PBXProject;
			attributes = {
				LastUpgradeCheck = 0730;
				ORGANIZATIONNAME = rookie;
				TargetAttributes = {
					655FA8551D24F2F1005A5A52 = {
						CreatedOnToolsVersion = 7.3.1;
						DevelopmentTeam = 3LZ89LE432;
					};
				};
			};
			buildConfigurationList = 655FA8511D24F2F1005A5A52 /* Build configuration list for PBXProject "DSReader" */;
			compatibilityVersion = "Xcode 3.2";
			developmentRegion = English;
			hasScannedForEncodings = 0;
			knownRegions = (
				en,
				Base,
			);
			mainGroup = 655FA84D1D24F2F1005A5A52;
			productRefGroup = 655FA8571D24F2F1005A5A52 /* Products */;
			projectDirPath = "";
			projectRoot = "";
			targets = (
				655FA8551D24F2F1005A5A52 /* DSReader */,
			);
		};
/* End PBXProject section */

/* Begin PBXResourcesBuildPhase section */
		655FA8541D24F2F1005A5A52 /* Resources */ = {
			isa = PBXResourcesBuildPhase;
			buildActionMask = 2147483647;
			files = (
				655FA8691D24F2F1005A5A52 /* LaunchScreen.storyboard in Resources */,
				655FA8661D24F2F1005A5A52 /* Assets.xcassets in Resources */,
				655FA88C1D251363005A5A52 /* yiqiantulong.txt in Resources */,
				655FA88A1D2511ED005A5A52 /* yiqiantulong.epub in Resources */,
			);
			runOnlyForDeploymentPostprocessing = 0;
		};
/* End PBXResourcesBuildPhase section */

/* Begin PBXShellScriptBuildPhase section */
		041012A1CD05831D963E9298 /* [CP] Embed Pods Frameworks */ = {
			isa = PBXShellScriptBuildPhase;
			buildActionMask = 2147483647;
			files = (
			);
			inputPaths = (
			);
			name = "[CP] Embed Pods Frameworks";
			outputPaths = (
			);
			runOnlyForDeploymentPostprocessing = 0;
			shellPath = /bin/sh;
			shellScript = "\"${SRCROOT}/Pods/Target Support Files/Pods-DSReader/Pods-DSReader-frameworks.sh\"\n";
			showEnvVarsInLog = 0;
		};
		76038D2A16AD165060FAD135 /* [CP] Copy Pods Resources */ = {
			isa = PBXShellScriptBuildPhase;
			buildActionMask = 2147483647;
			files = (
			);
			inputPaths = (
			);
			name = "[CP] Copy Pods Resources";
			outputPaths = (
			);
			runOnlyForDeploymentPostprocessing = 0;
			shellPath = /bin/sh;
			shellScript = "\"${SRCROOT}/Pods/Target Support Files/Pods-DSReader/Pods-DSReader-resources.sh\"\n";
			showEnvVarsInLog = 0;
		};
		CBFC33A8FFF715480A752F29 /* [CP] Check Pods Manifest.lock */ = {
			isa = PBXShellScriptBuildPhase;
			buildActionMask = 2147483647;
			files = (
			);
			inputPaths = (
			);
			name = "[CP] Check Pods Manifest.lock";
			outputPaths = (
			);
			runOnlyForDeploymentPostprocessing = 0;
			shellPath = /bin/sh;
			shellScript = "diff \"${PODS_ROOT}/../Podfile.lock\" \"${PODS_ROOT}/Manifest.lock\" > /dev/null\nif [[ $? != 0 ]] ; then\n    cat << EOM\nerror: The sandbox is not in sync with the Podfile.lock. Run 'pod install' or update your CocoaPods installation.\nEOM\n    exit 1\nfi\n";
			showEnvVarsInLog = 0;
		};
/* End PBXShellScriptBuildPhase section */

/* Begin PBXSourcesBuildPhase section */
		655FA8521D24F2F1005A5A52 /* Sources */ = {
			isa = PBXSourcesBuildPhase;
			buildActionMask = 2147483647;
			files = (
				655FA85E1D24F2F1005A5A52 /* AppDelegate.m in Sources */,
				657579E21D2A4AFA00CAEADB /* EpubParser.m in Sources */,
				65D8149D1D266C3600832AC2 /* UIColor+ds.m in Sources */,
				655FA87B1D24FEE2005A5A52 /* DSPageViewsController.m in Sources */,
				655FA8841D250970005A5A52 /* DSBookshelfController.m in Sources */,
				655FA8721D24FCE0005A5A52 /* DSTabBarController.m in Sources */,
				655FA8751D24FDF8005A5A52 /* DSNavigationController.m in Sources */,
				655FA8871D250999005A5A52 /* DSListShelfController.m in Sources */,
				655FA85B1D24F2F1005A5A52 /* main.m in Sources */,
				65D814A11D26862400832AC2 /* DSPageView.m in Sources */,
				657579DE1D2A470400CAEADB /* EpubModel.m in Sources */,
			);
			runOnlyForDeploymentPostprocessing = 0;
		};
/* End PBXSourcesBuildPhase section */

/* Begin PBXVariantGroup section */
		655FA8671D24F2F1005A5A52 /* LaunchScreen.storyboard */ = {
			isa = PBXVariantGroup;
			children = (
				655FA8681D24F2F1005A5A52 /* Base */,
			);
			name = LaunchScreen.storyboard;
			sourceTree = "<group>";
		};
/* End PBXVariantGroup section */

/* Begin XCBuildConfiguration section */
		655FA86B1D24F2F1005A5A52 /* Debug */ = {
			isa = XCBuildConfiguration;
			buildSettings = {
				ALWAYS_SEARCH_USER_PATHS = NO;
				CLANG_ANALYZER_NONNULL = YES;
				CLANG_CXX_LANGUAGE_STANDARD = "gnu++0x";
				CLANG_CXX_LIBRARY = "libc++";
				CLANG_ENABLE_MODULES = YES;
				CLANG_ENABLE_OBJC_ARC = YES;
				CLANG_WARN_BOOL_CONVERSION = YES;
				CLANG_WARN_CONSTANT_CONVERSION = YES;
				CLANG_WARN_DIRECT_OBJC_ISA_USAGE = YES_ERROR;
				CLANG_WARN_EMPTY_BODY = YES;
				CLANG_WARN_ENUM_CONVERSION = YES;
				CLANG_WARN_INT_CONVERSION = YES;
				CLANG_WARN_OBJC_ROOT_CLASS = YES_ERROR;
				CLANG_WARN_UNREACHABLE_CODE = YES;
				CLANG_WARN__DUPLICATE_METHOD_MATCH = YES;
				"CODE_SIGN_IDENTITY[sdk=iphoneos*]" = "iPhone Developer";
				COPY_PHASE_STRIP = NO;
				DEBUG_INFORMATION_FORMAT = dwarf;
				ENABLE_STRICT_OBJC_MSGSEND = YES;
				ENABLE_TESTABILITY = YES;
				GCC_C_LANGUAGE_STANDARD = gnu99;
				GCC_DYNAMIC_NO_PIC = NO;
				GCC_NO_COMMON_BLOCKS = YES;
				GCC_OPTIMIZATION_LEVEL = 0;
				GCC_PREPROCESSOR_DEFINITIONS = (
					"DEBUG=1",
					"$(inherited)",
				);
				GCC_WARN_64_TO_32_BIT_CONVERSION = YES;
				GCC_WARN_ABOUT_RETURN_TYPE = YES_ERROR;
				GCC_WARN_UNDECLARED_SELECTOR = YES;
				GCC_WARN_UNINITIALIZED_AUTOS = YES_AGGRESSIVE;
				GCC_WARN_UNUSED_FUNCTION = YES;
				GCC_WARN_UNUSED_VARIABLE = YES;
				IPHONEOS_DEPLOYMENT_TARGET = 8.0;
				MTL_ENABLE_DEBUG_INFO = YES;
				ONLY_ACTIVE_ARCH = YES;
				SDKROOT = iphoneos;
			};
			name = Debug;
		};
		655FA86C1D24F2F1005A5A52 /* Release */ = {
			isa = XCBuildConfiguration;
			buildSettings = {
				ALWAYS_SEARCH_USER_PATHS = NO;
				CLANG_ANALYZER_NONNULL = YES;
				CLANG_CXX_LANGUAGE_STANDARD = "gnu++0x";
				CLANG_CXX_LIBRARY = "libc++";
				CLANG_ENABLE_MODULES = YES;
				CLANG_ENABLE_OBJC_ARC = YES;
				CLANG_WARN_BOOL_CONVERSION = YES;
				CLANG_WARN_CONSTANT_CONVERSION = YES;
				CLANG_WARN_DIRECT_OBJC_ISA_USAGE = YES_ERROR;
				CLANG_WARN_EMPTY_BODY = YES;
				CLANG_WARN_ENUM_CONVERSION = YES;
				CLANG_WARN_INT_CONVERSION = YES;
				CLANG_WARN_OBJC_ROOT_CLASS = YES_ERROR;
				CLANG_WARN_UNREACHABLE_CODE = YES;
				CLANG_WARN__DUPLICATE_METHOD_MATCH = YES;
				"CODE_SIGN_IDENTITY[sdk=iphoneos*]" = "iPhone Developer";
				COPY_PHASE_STRIP = NO;
				DEBUG_INFORMATION_FORMAT = "dwarf-with-dsym";
				ENABLE_NS_ASSERTIONS = NO;
				ENABLE_STRICT_OBJC_MSGSEND = YES;
				GCC_C_LANGUAGE_STANDARD = gnu99;
				GCC_NO_COMMON_BLOCKS = YES;
				GCC_WARN_64_TO_32_BIT_CONVERSION = YES;
				GCC_WARN_ABOUT_RETURN_TYPE = YES_ERROR;
				GCC_WARN_UNDECLARED_SELECTOR = YES;
				GCC_WARN_UNINITIALIZED_AUTOS = YES_AGGRESSIVE;
				GCC_WARN_UNUSED_FUNCTION = YES;
				GCC_WARN_UNUSED_VARIABLE = YES;
				IPHONEOS_DEPLOYMENT_TARGET = 8.0;
				MTL_ENABLE_DEBUG_INFO = NO;
				SDKROOT = iphoneos;
				VALIDATE_PRODUCT = YES;
			};
			name = Release;
		};
		655FA86E1D24F2F1005A5A52 /* Debug */ = {
			isa = XCBuildConfiguration;
			baseConfigurationReference = 9C41F3B2C4951571653080E9 /* Pods-DSReader.debug.xcconfig */;
			buildSettings = {
				ASSETCATALOG_COMPILER_APPICON_NAME = AppIcon;
				CODE_SIGN_IDENTITY = "iPhone Developer";
				GCC_PREFIX_HEADER = DSReader/DSReaderPrefixHeader.pch;
				INFOPLIST_FILE = DSReader/Info.plist;
				IPHONEOS_DEPLOYMENT_TARGET = 8.0;
				LD_RUNPATH_SEARCH_PATHS = "$(inherited) @executable_path/Frameworks";
				PRODUCT_BUNDLE_IDENTIFIER = smart.DSReader;
				PRODUCT_NAME = "$(TARGET_NAME)";
			};
			name = Debug;
		};
		655FA86F1D24F2F1005A5A52 /* Release */ = {
			isa = XCBuildConfiguration;
			baseConfigurationReference = AFC71F64E8D1C1283A126838 /* Pods-DSReader.release.xcconfig */;
			buildSettings = {
				ASSETCATALOG_COMPILER_APPICON_NAME = AppIcon;
				CODE_SIGN_IDENTITY = "iPhone Developer";
				GCC_PREFIX_HEADER = DSReader/DSReaderPrefixHeader.pch;
				INFOPLIST_FILE = DSReader/Info.plist;
				IPHONEOS_DEPLOYMENT_TARGET = 8.0;
				LD_RUNPATH_SEARCH_PATHS = "$(inherited) @executable_path/Frameworks";
				PRODUCT_BUNDLE_IDENTIFIER = smart.DSReader;
				PRODUCT_NAME = "$(TARGET_NAME)";
			};
			name = Release;
		};
/* End XCBuildConfiguration section */

/* Begin XCConfigurationList section */
		655FA8511D24F2F1005A5A52 /* Build configuration list for PBXProject "DSReader" */ = {
			isa = XCConfigurationList;
			buildConfigurations = (
				655FA86B1D24F2F1005A5A52 /* Debug */,
				655FA86C1D24F2F1005A5A52 /* Release */,
			);
			defaultConfigurationIsVisible = 0;
			defaultConfigurationName = Release;
		};
		655FA86D1D24F2F1005A5A52 /* Build configuration list for PBXNativeTarget "DSReader" */ = {
			isa = XCConfigurationList;
			buildConfigurations = (
				655FA86E1D24F2F1005A5A52 /* Debug */,
				655FA86F1D24F2F1005A5A52 /* Release */,
			);
			defaultConfigurationIsVisible = 0;
			defaultConfigurationName = Release;
		};
/* End XCConfigurationList section */
	};
	rootObject = 655FA84E1D24F2F1005A5A52 /* Project object */;
}
